
Microsoft Visual Studio Solution File, Format Version 12.00
# Visual Studio 14
VisualStudioVersion = 14.0.23107.0
MinimumVisualStudioVersion = 10.0.40219.1
Project("{FAE04EC0-301F-11D3-BF4B-00C04F79EFBC}") = "GoFishWPF", "GoFishWPF\GoFishWPF.csproj", "{A64FE55F-3F4B-43FA-B8C4-8694D5E8F697}"
EndProject
Project("{2150E333-8FDC-42A3-9474-1A3956D46DE8}") = "Solution Items", "Solution Items", "{C1DA2CF1-6293-4F9A-B260-68002CB61050}"
EndProject
Global
	GlobalSection(SolutionConfigurationPlatforms) = preSolution
		Debug|Any CPU = Debug|Any CPU
		Release|Any CPU = Release|Any CPU
	EndGlobalSection
	GlobalSection(ProjectConfigurationPlatforms) = postSolution
		{A64FE55F-3F4B-43FA-B8C4-8694D5E8F697}.Debug|Any CPU.ActiveCfg = Debug|Any CPU
		{A64FE55F-3F4B-43FA-B8C4-8694D5E8F697}.Debug|Any CPU.Build.0 = Debug|Any CPU
		{A64FE55F-3F4B-43FA-B8C4-8694D5E8F697}.Release|Any CPU.ActiveCfg = Release|Any CPU
		{A64FE55F-3F4B-43FA-B8C4-8694D5E8F697}.Release|Any CPU.Build.0 = Release|Any CPU
	EndGlobalSection
	GlobalSection(SolutionProperties) = preSolution
		HideSolutionNode = FALSE
	EndGlobalSection
EndGlobal
